{
  "name": "wisp-fig-import",
  "lockfileVersion": 3,
  "requires": true,
  "packages": {
    "": {
      "name": "wisp-fig-import",
      "dependencies": {
        "@fig/autocomplete-generators": "^2.4.0",
        "@fig/autocomplete-helpers": "^1.0.7",
        "semver": "^7.6.3",
        "strip-json-comments": "^5.0.1",
        "typescript": "~5.5.4",
        "yaml": "^2.7.0"
      }
    },
    "node_modules/@fig/autocomplete-generators": {
      "version": "2.4.0",
      "resolved": "https://registry.npmjs.org/@fig/autocomplete-generators/-/autocomplete-generators-2.4.0.tgz",
      "integrity": "sha512-fiaaCGmsgnbUJbVbNAcVDmrnCGj/SmfarK6WKt/lfQP9k1hLHkkmZQ836VSMJvPP1vAKFAiXpdJziG6EGyjAYg==",
      "license": "MIT"
    },
    "node_modules/@fig/autocomplete-helpers": {
      "version": "1.0.7",
      "resolved": "https://registry.npmjs.org/@fig/autocomplete-helpers/-/autocomplete-helpers-1.0.7.tgz",
      "integrity": "sha512-5jq01q2JtaLAjl8t3hOvE9GOp4a4Agj7YmxlBxRjuSwJY3qskfx/mdAgOX2qjgxZ74bHONAxQ1hzudwSICqZFg==",
      "dependencies": {
        "semver": "^7.3.5",
        "typescript": "^4.6.3"
      }
    },
    "node_modules/@fig/autocomplete-helpers/node_modules/typescript": {
      "version": "4.9.5",
      "resolved": "https://registry.npmjs.org/typescript/-/typescript-4.9.5.tgz",
      "integrity": "sha512-1FXk9E2Hm+QzZQ7z+McJiHL4NW1F2EzMu9Nq9i3zAaGqibafqYwCVU6WyWAuyQRRzOlxou8xZSyXLEN8oKj24g==",
      "license": "Apache-2.0",
      "bin": {
        "tsc": "bin/tsc",
        "tsserver": "bin/tsserver"
      },
      "engines": {
        "node": ">=4.2.0"
      }
    },
    "node_modules/semver": {
      "version": "7.8.5",
      "resolved": "https://registry.npmjs.org/semver/-/semver-7.8.5.tgz",
      "integrity": "sha512-Y7/KDsb8LjooZpwaqGyulO6DQlksgCncchHGk+sZIY4SBvUocMBEFH5Ur1fI4dV+Jvl0w6cjvucaIi40puRioA==",
      "license": "ISC",
      "bin": {
        "semver": "bin/semver.js"
      },
      "engines": {
        "node": ">=10"
      }
    },
    "node_modules/strip-json-comments": {
      "version": "5.0.3",
      "resolved": "https://registry.npmjs.org/strip-json-comments/-/strip-json-comments-5.0.3.tgz",
      "integrity": "sha512-1tB5mhVo7U+ETBKNf92xT4hrQa3pm0MZ0PQvuDnWgAAGHDsfp4lPSpiS6psrSiet87wyGPh9ft6wmhOMQ0hDiw==",
      "license": "MIT",
      "engines": {
        "node": ">=14.16"
      },
      "funding": {
        "url": "https://github.com/sponsors/sindresorhus"
      }
    },
    "node_modules/typescript": {
      "version": "5.5.4",
      "resolved": "https://registry.npmjs.org/typescript/-/typescript-5.5.4.tgz",
      "integrity": "sha512-Mtq29sKDAEYP7aljRgtPOpTvOfbwRWlS6dPRzwjdE+C0R4brX/GUyhHSecbHMFLNBLcJIPt9nl9yG5TZ1weH+Q==",
      "license": "Apache-2.0",
      "bin": {
        "tsc": "bin/tsc",
        "tsserver": "bin/tsserver"
      },
      "engines": {
        "node": ">=14.17"
      }
    },
    "node_modules/yaml": {
      "version": "2.9.0",
      "resolved": "https://registry.npmjs.org/yaml/-/yaml-2.9.0.tgz",
      "integrity": "sha512-2AvhNX3mb8zd6Zy7INTtSpl1F15HW6Wnqj0srWlkKLcpYl/gMIMJiyuGq2KeI2YFxUPjdlB+3Lc10seMLtL4cA==",
      "license": "ISC",
      "bin": {
        "yaml": "bin.mjs"
      },
      "engines": {
        "node": ">= 14.6"
      },
      "funding": {
        "url": "https://github.com/sponsors/eemeli"
      }
    }
  }
}
